
Microsoft Visual Studio Solution File, Format Version 12.00
# Visual Studio 2013
VisualStudioVersion = 12.0.31101.0
MinimumVisualStudioVersion = 10.0.40219.1
Project("{FAE04EC0-301F-11D3-BF4B-00C04F79EFBC}") = "SignalrServer", "SignalrServer\SignalrServer.csproj", "{2E437491-6179-457C-BFFC-AB1AF43CD7C4}"
EndProject
Global
	GlobalSection(SolutionConfigurationPlatforms) = preSolution
		localhost|Any CPU = localhost|Any CPU
		PROD|Any CPU = PROD|Any CPU
	EndGlobalSection
	GlobalSection(ProjectConfigurationPlatforms) = postSolution
		{2E437491-6179-457C-BFFC-AB1AF43CD7C4}.localhost|Any CPU.ActiveCfg = localhost|Any CPU
		{2E437491-6179-457C-BFFC-AB1AF43CD7C4}.localhost|Any CPU.Build.0 = localhost|Any CPU
		{2E437491-6179-457C-BFFC-AB1AF43CD7C4}.PROD|Any CPU.ActiveCfg = PROD|Any CPU
		{2E437491-6179-457C-BFFC-AB1AF43CD7C4}.PROD|Any CPU.Build.0 = PROD|Any CPU
	EndGlobalSection
	GlobalSection(SolutionProperties) = preSolution
		HideSolutionNode = FALSE
	EndGlobalSection
EndGlobal
